
Microsoft Visual Studio Solution File, Format Version 12.00
# Visual Studio Version 16
VisualStudioVersion = 16.0.31702.278
MinimumVisualStudioVersion = 10.0.40219.1
Project("{FAE04EC0-301F-11D3-BF4B-00C04F79EFBC}") = "Assignment 8", "Assignment 8\Assignment 8.csproj", "{A0B96F59-697C-4E55-93A9-245C486A3674}"
EndProject
Global
	GlobalSection(SolutionConfigurationPlatforms) = preSolution
		Debug|Any CPU = Debug|Any CPU
		Release|Any CPU = Release|Any CPU
	EndGlobalSection
	GlobalSection(ProjectConfigurationPlatforms) = postSolution
		{A0B96F59-697C-4E55-93A9-245C486A3674}.Debug|Any CPU.ActiveCfg = Debug|Any CPU
		{A0B96F59-697C-4E55-93A9-245C486A3674}.Debug|Any CPU.Build.0 = Debug|Any CPU
		{A0B96F59-697C-4E55-93A9-245C486A3674}.Release|Any CPU.ActiveCfg = Release|Any CPU
		{A0B96F59-697C-4E55-93A9-245C486A3674}.Release|Any CPU.Build.0 = Release|Any CPU
	EndGlobalSection
	GlobalSection(SolutionProperties) = preSolution
		HideSolutionNode = FALSE
	EndGlobalSection
	GlobalSection(ExtensibilityGlobals) = postSolution
		SolutionGuid = {D15E8846-0E89-4A57-9C76-671B9BFC7542}
	EndGlobalSection
EndGlobal
